// !$*UTF8*$!
{
	archiveVersion = 1;
	classes = {
	};
	objectVersion = 50;
	objects = {

/* Begin PBXBuildFile section */
		0844CFD2213F196D007B6057 /* AppDelegate.m in Sources */ = {isa = PBXBuildFile; fileRef = 0844CFD1213F196D007B6057 /* AppDelegate.m */; };
		0844CFD5213F196E007B6057 /* ViewController.m in Sources */ = {isa = PBXBuildFile; fileRef = 0844CFD4213F196E007B6057 /* ViewController.m */; };
		0844CFD8213F196E007B6057 /* Main.storyboard in Resources */ = {isa = PBXBuildFile; fileRef = 0844CFD6213F196E007B6057 /* Main.storyboard */; };
		0844CFDA213F196F007B6057 /* Assets.xcassets in Resources */ = {isa = PBXBuildFile; fileRef = 0844CFD9213F196F007B6057 /* Assets.xcassets */; };
		0844CFDD213F196F007B6057 /* LaunchScreen.storyboard in Resources */ = {isa = PBXBuildFile; fileRef = 0844CFDB213F196F007B6057 /* LaunchScreen.storyboard */; };
		0844CFE0213F196F007B6057 /* main.m in Sources */ = {isa = PBXBuildFile; fileRef = 0844CFDF213F196F007B6057 /* main.m */; };
		0844CFE8213F1AE7007B6057 /* MapKit.framework in Frameworks */ = {isa = PBXBuildFile; fileRef = 0844CFE7213F1AE7007B6057 /* MapKit.framework */; };
/* End PBXBuildFile section */

/* Begin PBXFileReference section */
		0844CFCD213F196D007B6057 /* Reverse Geocode Live Demo 1.app */ = {isa = PBXFileReference; explicitFileType = wrapper.application; includeInIndex = 0; path = "Reverse Geocode Live Demo 1.app"; sourceTree = BUILT_PRODUCTS_DIR; };
		0844CFD0213F196D007B6057 /* AppDelegate.h */ = {isa = PBXFileReference; lastKnownFileType = sourcecode.c.h; path = AppDelegate.h; sourceTree = "<group>"; };
		0844CFD1213F196D007B6057 /* AppDelegate.m */ = {isa = PBXFileReference; lastKnownFileType = sourcecode.c.objc; path = AppDelegate.m; sourceTree = "<group>"; };
		0844CFD3213F196E007B6057 /* ViewController.h */ = {isa = PBXFileReference; lastKnownFileType = sourcecode.c.h; path = ViewController.h; sourceTree = "<group>"; };
		0844CFD4213F196E007B6057 /* ViewController.m */ = {isa = PBXFileReference; lastKnownFileType = sourcecode.c.objc; path = ViewController.m; sourceTree = "<group>"; };
		0844CFD7213F196E007B6057 /* Base */ = {isa = PBXFileReference; lastKnownFileType = file.storyboard; name = Base; path = Base.lproj/Main.storyboard; sourceTree = "<group>"; };
		0844CFD9213F196F007B6057 /* Assets.xcassets */ = {isa = PBXFileReference; lastKnownFileType = folder.assetcatalog; path = Assets.xcassets; sourceTree = "<group>"; };
		0844CFDC213F196F007B6057 /* Base */ = {isa = PBXFileReference; lastKnownFileType = file.storyboard; name = Base; path = Base.lproj/LaunchScreen.storyboard; sourceTree = "<group>"; };
		0844CFDE213F196F007B6057 /* Info.plist */ = {isa = PBXFileReference; lastKnownFileType = text.plist.xml; path = Info.plist; sourceTree = "<group>"; };
		0844CFDF213F196F007B6057 /* main.m */ = {isa = PBXFileReference; lastKnownFileType = sourcecode.c.objc; path = main.m; sourceTree = "<group>"; };
		0844CFE7213F1AE7007B6057 /* MapKit.framework */ = {isa = PBXFileReference; lastKnownFileType = wrapper.framework; name = MapKit.framework; path = System/Library/Frameworks/MapKit.framework; sourceTree = SDKROOT; };
/* End PBXFileReference section */

/* Begin PBXFrameworksBuildPhase section */
		0844CFCA213F196D007B6057 /* Frameworks */ = {
			isa = PBXFrameworksBuildPhase;
			buildActionMask = 2147483647;
			files = (
				0844CFE8213F1AE7007B6057 /* MapKit.framework in Frameworks */,
			);
			runOnlyForDeploymentPostprocessing = 0;
		};
/* End PBXFrameworksBuildPhase section */

/* Begin PBXGroup section */
		0844CFC4213F196D007B6057 = {
			isa = PBXGroup;
			children = (
				0844CFCF213F196D007B6057 /* Reverse Geocode Live Demo 1 */,
				0844CFCE213F196D007B6057 /* Products */,
				0844CFE6213F1AE6007B6057 /* Frameworks */,
			);
			sourceTree = "<group>";
		};
		0844CFCE213F196D007B6057 /* Products */ = {
			isa = PBXGroup;
			children = (
				0844CFCD213F196D007B6057 /* Reverse Geocode Live Demo 1.app */,
			);
			name = Products;
			sourceTree = "<group>";
		};
		0844CFCF213F196D007B6057 /* Reverse Geocode Live Demo 1 */ = {
			isa = PBXGroup;
			children = (
				0844CFD0213F196D007B6057 /* AppDelegate.h */,
				0844CFD1213F196D007B6057 /* AppDelegate.m */,
				0844CFD3213F196E007B6057 /* ViewController.h */,
				0844CFD4213F196E007B6057 /* ViewController.m */,
				0844CFD6213F196E007B6057 /* Main.storyboard */,
				0844CFD9213F196F007B6057 /* Assets.xcassets */,
				0844CFDB213F196F007B6057 /* LaunchScreen.storyboard */,
				0844CFDE213F196F007B6057 /* Info.plist */,
				0844CFDF213F196F007B6057 /* main.m */,
			);
			path = "Reverse Geocode Live Demo 1";
			sourceTree = "<group>";
		};
		0844CFE6213F1AE6007B6057 /* Frameworks */ = {
			isa = PBXGroup;
			children = (
				0844CFE7213F1AE7007B6057 /* MapKit.framework */,
			);
			name = Frameworks;
			sourceTree = "<group>";
		};
/* End PBXGroup section */

/* Begin PBXNativeTarget section */
		0844CFCC213F196D007B6057 /* Reverse Geocode Live Demo 1 */ = {
			isa = PBXNativeTarget;
			buildConfigurationList = 0844CFE3213F196F007B6057 /* Build configuration list for PBXNativeTarget "Reverse Geocode Live Demo 1" */;
			buildPhases = (
				0844CFC9213F196D007B6057 /* Sources */,
				0844CFCA213F196D007B6057 /* Frameworks */,
				0844CFCB213F196D007B6057 /* Resources */,
			);
			buildRules = (
			);
			dependencies = (
			);
			name = "Reverse Geocode Live Demo 1";
			productName = "Reverse Geocode Live Demo 1";
			productReference = 0844CFCD213F196D007B6057 /* Reverse Geocode Live Demo 1.app */;
			productType = "com.apple.product-type.application";
		};
/* End PBXNativeTarget section */

/* Begin PBXProject section */
		0844CFC5213F196D007B6057 /* Project object */ = {
			isa = PBXProject;
			attributes = {
				LastUpgradeCheck = 0940;
				ORGANIZATIONNAME = "Mircea Popescu";
				TargetAttributes = {
					0844CFCC213F196D007B6057 = {
						CreatedOnToolsVersion = 9.4.1;
					};
				};
			};
			buildConfigurationList = 0844CFC8213F196D007B6057 /* Build configuration list for PBXProject "Reverse Geocode Live Demo 1" */;
			compatibilityVersion = "Xcode 9.3";
			developmentRegion = en;
			hasScannedForEncodings = 0;
			knownRegions = (
				en,
				Base,
			);
			mainGroup = 0844CFC4213F196D007B6057;
			productRefGroup = 0844CFCE213F196D007B6057 /* Products */;
			projectDirPath = "";
			projectRoot = "";
			targets = (
				0844CFCC213F196D007B6057 /* Reverse Geocode Live Demo 1 */,
			);
		};
/* End PBXProject section */

/* Begin PBXResourcesBuildPhase section */
		0844CFCB213F196D007B6057 /* Resources */ = {
			isa = PBXResourcesBuildPhase;
			buildActionMask = 2147483647;
			files = (
				0844CFDD213F196F007B6057 /* LaunchScreen.storyboard in Resources */,
				0844CFDA213F196F007B6057 /* Assets.xcassets in Resources */,
				0844CFD8213F196E007B6057 /* Main.storyboard in Resources */,
			);
			runOnlyForDeploymentPostprocessing = 0;
		};
/* End PBXResourcesBuildPhase section */

/* Begin PBXSourcesBuildPhase section */
		0844CFC9213F196D007B6057 /* Sources */ = {
			isa = PBXSourcesBuildPhase;
			buildActionMask = 2147483647;
			files = (
				0844CFD5213F196E007B6057 /* ViewController.m in Sources */,
				0844CFE0213F196F007B6057 /* main.m in Sources */,
				0844CFD2213F196D007B6057 /* AppDelegate.m in Sources */,
			);
			runOnlyForDeploymentPostprocessing = 0;
		};
/* End PBXSourcesBuildPhase section */

/* Begin PBXVariantGroup section */
		0844CFD6213F196E007B6057 /* Main.storyboard */ = {
			isa = PBXVariantGroup;
			children = (
				0844CFD7213F196E007B6057 /* Base */,
			);
			name = Main.storyboard;
			sourceTree = "<group>";
		};
		0844CFDB213F196F007B6057 /* LaunchScreen.storyboard */ = {
			isa = PBXVariantGroup;
			children = (
				0844CFDC213F196F007B6057 /* Base */,
			);
			name = LaunchScreen.storyboard;
			sourceTree = "<group>";
		};
/* End PBXVariantGroup section */

/* Begin XCBuildConfiguration section */
		0844CFE1213F196F007B6057 /* Debug */ = {
			isa = XCBuildConfiguration;
			buildSettings = {
				ALWAYS_SEARCH_USER_PATHS = NO;
				CLANG_ANALYZER_NONNULL = YES;
				CLANG_ANALYZER_NUMBER_OBJECT_CONVERSION = YES_AGGRESSIVE;
				CLANG_CXX_LANGUAGE_STANDARD = "gnu++14";
				CLANG_CXX_LIBRARY = "libc++";
				CLANG_ENABLE_MODULES = YES;
				CLANG_ENABLE_OBJC_ARC = YES;
				CLANG_ENABLE_OBJC_WEAK = YES;
				CLANG_WARN_BLOCK_CAPTURE_AUTORELEASING = YES;
				CLANG_WARN_BOOL_CONVERSION = YES;
				CLANG_WARN_COMMA = YES;
				CLANG_WARN_CONSTANT_CONVERSION = YES;
				CLANG_WARN_DEPRECATED_OBJC_IMPLEMENTATIONS = YES;
				CLANG_WARN_DIRECT_OBJC_ISA_USAGE = YES_ERROR;
				CLANG_WARN_DOCUMENTATION_COMMENTS = YES;
				CLANG_WARN_EMPTY_BODY = YES;
				CLANG_WARN_ENUM_CONVERSION = YES;
				CLANG_WARN_INFINITE_RECURSION = YES;
				CLANG_WARN_INT_CONVERSION = YES;
				CLANG_WARN_NON_LITERAL_NULL_CONVERSION = YES;
				CLANG_WARN_OBJC_IMPLICIT_RETAIN_SELF = YES;
				CLANG_WARN_OBJC_LITERAL_CONVERSION = YES;
				CLANG_WARN_OBJC_ROOT_CLASS = YES_ERROR;
				CLANG_WARN_RANGE_LOOP_ANALYSIS = YES;
				CLANG_WARN_STRICT_PROTOTYPES = YES;
				CLANG_WARN_SUSPICIOUS_MOVE = YES;
				CLANG_WARN_UNGUARDED_AVAILABILITY = YES_AGGRESSIVE;
				CLANG_WARN_UNREACHABLE_CODE = YES;
				CLANG_WARN__DUPLICATE_METHOD_MATCH = YES;
				CODE_SIGN_IDENTITY = "iPhone Developer";
				COPY_PHASE_STRIP = NO;
				DEBUG_INFORMATION_FORMAT = dwarf;
				ENABLE_STRICT_OBJC_MSGSEND = YES;
				ENABLE_TESTABILITY = YES;
				GCC_C_LANGUAGE_STANDARD = gnu11;
				GCC_DYNAMIC_NO_PIC = NO;
				GCC_NO_COMMON_BLOCKS = YES;
				GCC_OPTIMIZATION_LEVEL = 0;
				GCC_PREPROCESSOR_DEFINITIONS = (
					"DEBUG=1",
					"$(inherited)",
				);
				GCC_WARN_64_TO_32_BIT_CONVERSION = YES;
				GCC_WARN_ABOUT_RETURN_TYPE = YES_ERROR;
				GCC_WARN_UNDECLARED_SELECTOR = YES;
				GCC_WARN_UNINITIALIZED_AUTOS = YES_AGGRESSIVE;
				GCC_WARN_UNUSED_FUNCTION = YES;
				GCC_WARN_UNUSED_VARIABLE = YES;
				IPHONEOS_DEPLOYMENT_TARGET = 11.4;
				MTL_ENABLE_DEBUG_INFO = YES;
				ONLY_ACTIVE_ARCH = YES;
				SDKROOT = iphoneos;
			};
			name = Debug;
		};
		0844CFE2213F196F007B6057 /* Release */ = {
			isa = XCBuildConfiguration;
			buildSettings = {
				ALWAYS_SEARCH_USER_PATHS = NO;
				CLANG_ANALYZER_NONNULL = YES;
				CLANG_ANALYZER_NUMBER_OBJECT_CONVERSION = YES_AGGRESSIVE;
				CLANG_CXX_LANGUAGE_STANDARD = "gnu++14";
				CLANG_CXX_LIBRARY = "libc++";
				CLANG_ENABLE_MODULES = YES;
				CLANG_ENABLE_OBJC_ARC = YES;
				CLANG_ENABLE_OBJC_WEAK = YES;
				CLANG_WARN_BLOCK_CAPTURE_AUTORELEASING = YES;
				CLANG_WARN_BOOL_CONVERSION = YES;
				CLANG_WARN_COMMA = YES;
				CLANG_WARN_CONSTANT_CONVERSION = YES;
				CLANG_WARN_DEPRECATED_OBJC_IMPLEMENTATIONS = YES;
				CLANG_WARN_DIRECT_OBJC_ISA_USAGE = YES_ERROR;
				CLANG_WARN_DOCUMENTATION_COMMENTS = YES;
				CLANG_WARN_EMPTY_BODY = YES;
				CLANG_WARN_ENUM_CONVERSION = YES;
				CLANG_WARN_INFINITE_RECURSION = YES;
				CLANG_WARN_INT_CONVERSION = YES;
				CLANG_WARN_NON_LITERAL_NULL_CONVERSION = YES;
				CLANG_WARN_OBJC_IMPLICIT_RETAIN_SELF = YES;
				CLANG_WARN_OBJC_LITERAL_CONVERSION = YES;
				CLANG_WARN_OBJC_ROOT_CLASS = YES_ERROR;
				CLANG_WARN_RANGE_LOOP_ANALYSIS = YES;
				CLANG_WARN_STRICT_PROTOTYPES = YES;
				CLANG_WARN_SUSPICIOUS_MOVE = YES;
				CLANG_WARN_UNGUARDED_AVAILABILITY = YES_AGGRESSIVE;
				CLANG_WARN_UNREACHABLE_CODE = YES;
				CLANG_WARN__DUPLICATE_METHOD_MATCH = YES;
				CODE_SIGN_IDENTITY = "iPhone Developer";
				COPY_PHASE_STRIP = NO;
				DEBUG_INFORMATION_FORMAT = "dwarf-with-dsym";
				ENABLE_NS_ASSERTIONS = NO;
				ENABLE_STRICT_OBJC_MSGSEND = YES;
				GCC_C_LANGUAGE_STANDARD = gnu11;
				GCC_NO_COMMON_BLOCKS = YES;
				GCC_WARN_64_TO_32_BIT_CONVERSION = YES;
				GCC_WARN_ABOUT_RETURN_TYPE = YES_ERROR;
				GCC_WARN_UNDECLARED_SELECTOR = YES;
				GCC_WARN_UNINITIALIZED_AUTOS = YES_AGGRESSIVE;
				GCC_WARN_UNUSED_FUNCTION = YES;
				GCC_WARN_UNUSED_VARIABLE = YES;
				IPHONEOS_DEPLOYMENT_TARGET = 11.4;
				MTL_ENABLE_DEBUG_INFO = NO;
				SDKROOT = iphoneos;
				VALIDATE_PRODUCT = YES;
			};
			name = Release;
		};
		0844CFE4213F196F007B6057 /* Debug */ = {
			isa = XCBuildConfiguration;
			buildSettings = {
				ASSETCATALOG_COMPILER_APPICON_NAME = AppIcon;
				ASSETCATALOG_COMPILER_LAUNCHIMAGE_NAME = LaunchImage;
				CODE_SIGN_STYLE = Automatic;
				DEVELOPMENT_TEAM = N264L7YLRX;
				INFOPLIST_FILE = "Reverse Geocode Live Demo 1/Info.plist";
				LD_RUNPATH_SEARCH_PATHS = (
					"$(inherited)",
					"@executable_path/Frameworks",
				);
				PRODUCT_BUNDLE_IDENTIFIER = "MP.Reverse-Geocode-Live-Demo-1";
				PRODUCT_NAME = "$(TARGET_NAME)";
				TARGETED_DEVICE_FAMILY = "1,2";
			};
			name = Debug;
		};
		0844CFE5213F196F007B6057 /* Release */ = {
			isa = XCBuildConfiguration;
			buildSettings = {
				ASSETCATALOG_COMPILER_APPICON_NAME = AppIcon;
				ASSETCATALOG_COMPILER_LAUNCHIMAGE_NAME = LaunchImage;
				CODE_SIGN_STYLE = Automatic;
				DEVELOPMENT_TEAM = N264L7YLRX;
				INFOPLIST_FILE = "Reverse Geocode Live Demo 1/Info.plist";
				LD_RUNPATH_SEARCH_PATHS = (
					"$(inherited)",
					"@executable_path/Frameworks",
				);
				PRODUCT_BUNDLE_IDENTIFIER = "MP.Reverse-Geocode-Live-Demo-1";
				PRODUCT_NAME = "$(TARGET_NAME)";
				TARGETED_DEVICE_FAMILY = "1,2";
			};
			name = Release;
		};
/* End XCBuildConfiguration section */

/* Begin XCConfigurationList section */
		0844CFC8213F196D007B6057 /* Build configuration list for PBXProject "Reverse Geocode Live Demo 1" */ = {
			isa = XCConfigurationList;
			buildConfigurations = (
				0844CFE1213F196F007B6057 /* Debug */,
				0844CFE2213F196F007B6057 /* Release */,
			);
			defaultConfigurationIsVisible = 0;
			defaultConfigurationName = Release;
		};
		0844CFE3213F196F007B6057 /* Build configuration list for PBXNativeTarget "Reverse Geocode Live Demo 1" */ = {
			isa = XCConfigurationList;
			buildConfigurations = (
				0844CFE4213F196F007B6057 /* Debug */,
				0844CFE5213F196F007B6057 /* Release */,
			);
			defaultConfigurationIsVisible = 0;
			defaultConfigurationName = Release;
		};
/* End XCConfigurationList section */
	};
	rootObject = 0844CFC5213F196D007B6057 /* Project object */;
}
